
Microsoft Visual Studio Solution File, Format Version 12.00
# Visual Studio Version 17
VisualStudioVersion = 17.4.33205.214
MinimumVisualStudioVersion = 10.0.40219.1
Project("{FAE04EC0-301F-11D3-BF4B-00C04F79EFBC}") = "EduMeetingSuleyman", "EduMeetingSuleyman\EduMeetingSuleyman.csproj", "{59BC1561-3519-4A52-B480-333B022944ED}"
EndProject
Global
	GlobalSection(SolutionConfigurationPlatforms) = preSolution
		Debug|Any CPU = Debug|Any CPU
		Release|Any CPU = Release|Any CPU
	EndGlobalSection
	GlobalSection(ProjectConfigurationPlatforms) = postSolution
		{59BC1561-3519-4A52-B480-333B022944ED}.Debug|Any CPU.ActiveCfg = Debug|Any CPU
		{59BC1561-3519-4A52-B480-333B022944ED}.Debug|Any CPU.Build.0 = Debug|Any CPU
		{59BC1561-3519-4A52-B480-333B022944ED}.Release|Any CPU.ActiveCfg = Release|Any CPU
		{59BC1561-3519-4A52-B480-333B022944ED}.Release|Any CPU.Build.0 = Release|Any CPU
	EndGlobalSection
	GlobalSection(SolutionProperties) = preSolution
		HideSolutionNode = FALSE
	EndGlobalSection
	GlobalSection(ExtensibilityGlobals) = postSolution
		SolutionGuid = {FA0E7A3E-3155-4474-A2B9-C1298C8D6870}
	EndGlobalSection
EndGlobal
